
Microsoft Visual Studio Solution File, Format Version 12.00
# Visual Studio Version 16
VisualStudioVersion = 16.0.29318.209
MinimumVisualStudioVersion = 10.0.40219.1
Project("{9A19103F-16F7-4668-BE54-9A1E7A4F7556}") = "WMIWatcher", "WMIWatcher.csproj", "{01C9254A-C708-4720-9313-A828163BD247}"
EndProject
Project("{9A19103F-16F7-4668-BE54-9A1E7A4F7556}") = "WMIWatcher_uTest", "WMIWatcher_uTest\WMIWatcher_uTest.csproj", "{B9BBB655-4B48-4B26-AB70-D5862048FD33}"
EndProject
Global
	GlobalSection(SolutionConfigurationPlatforms) = preSolution
		Debug|Any CPU = Debug|Any CPU
		Release|Any CPU = Release|Any CPU
	EndGlobalSection
	GlobalSection(ProjectConfigurationPlatforms) = postSolution
		{01C9254A-C708-4720-9313-A828163BD247}.Debug|Any CPU.ActiveCfg = Debug|Any CPU
		{01C9254A-C708-4720-9313-A828163BD247}.Debug|Any CPU.Build.0 = Debug|Any CPU
		{01C9254A-C708-4720-9313-A828163BD247}.Release|Any CPU.ActiveCfg = Release|Any CPU
		{01C9254A-C708-4720-9313-A828163BD247}.Release|Any CPU.Build.0 = Release|Any CPU
		{B9BBB655-4B48-4B26-AB70-D5862048FD33}.Debug|Any CPU.ActiveCfg = Debug|Any CPU
		{B9BBB655-4B48-4B26-AB70-D5862048FD33}.Debug|Any CPU.Build.0 = Debug|Any CPU
		{B9BBB655-4B48-4B26-AB70-D5862048FD33}.Release|Any CPU.ActiveCfg = Release|Any CPU
		{B9BBB655-4B48-4B26-AB70-D5862048FD33}.Release|Any CPU.Build.0 = Release|Any CPU
	EndGlobalSection
	GlobalSection(SolutionProperties) = preSolution
		HideSolutionNode = FALSE
	EndGlobalSection
	GlobalSection(ExtensibilityGlobals) = postSolution
		SolutionGuid = {D13A9F3B-E001-4D53-8AF3-2DE4FCC0D61C}
	EndGlobalSection
EndGlobal
